
Microsoft Visual Studio Solution File, Format Version 12.00
# Visual Studio Version 17
VisualStudioVersion = 17.0.31903.59
MinimumVisualStudioVersion = 10.0.40219.1
Project("{9A19103F-16F7-4668-BE54-9A1E7A4F7556}") = "BakeTRy", "BakeTRy.csproj", "{9F0C7488-C65A-4C15-9E9E-758D79B8DBB3}"
EndProject
Project("{FAE04EC0-301F-11D3-BF4B-00C04F79EFBC}") = "BakeTRyTests", "..\BakeTRyTests\BakeTRyTests.csproj", "{0DCC9F9D-D21C-401E-A8AA-3BC46E8BF85C}"
EndProject
Global
	GlobalSection(SolutionConfigurationPlatforms) = preSolution
		Debug|Any CPU = Debug|Any CPU
		Release|Any CPU = Release|Any CPU
	EndGlobalSection
	GlobalSection(ProjectConfigurationPlatforms) = postSolution
		{9F0C7488-C65A-4C15-9E9E-758D79B8DBB3}.Debug|Any CPU.ActiveCfg = Debug|Any CPU
		{9F0C7488-C65A-4C15-9E9E-758D79B8DBB3}.Debug|Any CPU.Build.0 = Debug|Any CPU
		{9F0C7488-C65A-4C15-9E9E-758D79B8DBB3}.Release|Any CPU.ActiveCfg = Release|Any CPU
		{9F0C7488-C65A-4C15-9E9E-758D79B8DBB3}.Release|Any CPU.Build.0 = Release|Any CPU
		{0DCC9F9D-D21C-401E-A8AA-3BC46E8BF85C}.Debug|Any CPU.ActiveCfg = Debug|Any CPU
		{0DCC9F9D-D21C-401E-A8AA-3BC46E8BF85C}.Debug|Any CPU.Build.0 = Debug|Any CPU
		{0DCC9F9D-D21C-401E-A8AA-3BC46E8BF85C}.Release|Any CPU.ActiveCfg = Release|Any CPU
		{0DCC9F9D-D21C-401E-A8AA-3BC46E8BF85C}.Release|Any CPU.Build.0 = Release|Any CPU
	EndGlobalSection
	GlobalSection(SolutionProperties) = preSolution
		HideSolutionNode = FALSE
	EndGlobalSection
	GlobalSection(ExtensibilityGlobals) = postSolution
		SolutionGuid = {855118DA-D3A2-46FA-B066-83AE800A5372}
	EndGlobalSection
EndGlobal
